{
  "requires": true,
  "lockfileVersion": 1,
  "dependencies": {
    "vue-tasty-burgers": {
      "version": "1.2.3",
      "resolved": "https://registry.npmjs.org/vue-tasty-burgers/-/vue-tasty-burgers-1.2.3.tgz",
      "integrity": "sha512-SHY87M3BMKsksRFXePNHByLMzYzem5D4RYRrb5Rpb0dmWAi9WQKEPZcDLD66dNqy/5X4fF8ztLhEDACm223c/Q=="
    }
  }
}
